
Microsoft Visual Studio Solution File, Format Version 12.00
# Visual Studio Version 16
VisualStudioVersion = 16.0.31005.135
MinimumVisualStudioVersion = 10.0.40219.1
Project("{9A19103F-16F7-4668-BE54-9A1E7A4F7556}") = "D1.KampIntro", "D1.KampIntro\D1.KampIntro.csproj", "{7647C3B0-FC4F-40D4-A8AD-109C396C36EB}"
EndProject
Project("{9A19103F-16F7-4668-BE54-9A1E7A4F7556}") = "D2.Donguler", "D2.Donguler\D2.Donguler.csproj", "{DAE3EB79-F900-48F5-A251-9DB9CD5E5A40}"
EndProject
Project("{9A19103F-16F7-4668-BE54-9A1E7A4F7556}") = "D3.ClassIntro", "D3.ClassIntro\D3.ClassIntro.csproj", "{27EA6AC4-3412-42CB-842C-CCBCBAFD2332}"
EndProject
Project("{9A19103F-16F7-4668-BE54-9A1E7A4F7556}") = "DO1.TernaryOperatoru", "DO1.TernaryOperatoru\DO1.TernaryOperatoru.csproj", "{85511A37-A4CA-40A2-89FE-475FCB20A495}"
EndProject
Project("{9A19103F-16F7-4668-BE54-9A1E7A4F7556}") = "DO2.Switch", "DO2.Switch\DO2.Switch.csproj", "{4504CD3A-4271-496C-AC28-337F8A1849A4}"
EndProject
Project("{9A19103F-16F7-4668-BE54-9A1E7A4F7556}") = "DO3.While", "DO3.While\DO3.While.csproj", "{8D9855BE-668F-4670-81D4-4E5B50D17C4E}"
EndProject
Project("{9A19103F-16F7-4668-BE54-9A1E7A4F7556}") = "DO4.Class-ETicaret", "DO4.Class-ETicaret\DO4.Class-ETicaret.csproj", "{ED180E25-5986-44DB-B0DC-72C513EB3CEC}"
EndProject
Project("{9A19103F-16F7-4668-BE54-9A1E7A4F7556}") = "D4.Metotlar", "D4.Metotlar\D4.Metotlar.csproj", "{9D68D74B-52C3-4A07-A14D-7B1D683113AD}"
EndProject
Project("{9A19103F-16F7-4668-BE54-9A1E7A4F7556}") = "D5.Matematik", "D5.Matematik\D5.Matematik.csproj", "{21D3D76E-A47B-46BF-BD25-39F6521FF699}"
EndProject
Project("{9A19103F-16F7-4668-BE54-9A1E7A4F7556}") = "D6.DegerVeReferansTipler", "D6.DegerVeReferansTipler\D6.DegerVeReferansTipler.csproj", "{A349F081-9740-4A4A-8BF2-3457E44D52FF}"
EndProject
Project("{2150E333-8FDC-42A3-9474-1A3956D46DE8}") = "DO5.Youtube21-28VideoArasi", "DO5.Youtube21-28VideoArasi", "{1671BBD4-9397-4172-B437-7025B6825C4C}"
EndProject
Project("{9A19103F-16F7-4668-BE54-9A1E7A4F7556}") = "D21-D22-D23.Metods", "D21-D22-D23.Metods\D21-D22-D23.Metods.csproj", "{35E5D3F4-0864-4475-B780-9A93817AC51D}"
EndProject
Project("{9A19103F-16F7-4668-BE54-9A1E7A4F7556}") = "D24-D25.RefOutKeyword", "D24.RefKeyword\D24-D25.RefOutKeyword.csproj", "{95EC87CC-87B4-47E5-9C3A-E19FCA860243}"
EndProject
Project("{9A19103F-16F7-4668-BE54-9A1E7A4F7556}") = "D26.MethodOverloading", "D26.MethodOverloading\D26.MethodOverloading.csproj", "{90C0D77F-6A99-45B8-9241-6B75E33FC01A}"
EndProject
Project("{9A19103F-16F7-4668-BE54-9A1E7A4F7556}") = "D27.Params", "D27.Params\D27.Params.csproj", "{3E2D0977-99F2-4ADA-8226-12209274527F}"
EndProject
Project("{9A19103F-16F7-4668-BE54-9A1E7A4F7556}") = "D28.Arrays", "D28.Arrays\D28.Arrays.csproj", "{3C039D95-FC14-40C6-911D-27B66D3A9404}"
EndProject
Project("{9A19103F-16F7-4668-BE54-9A1E7A4F7556}") = "DO6.ClassMetotDemo", "DO6.ClassMetotDemo\DO6.ClassMetotDemo.csproj", "{510728CD-33A3-493C-9F5C-826CA759A046}"
EndProject
Global
	GlobalSection(SolutionConfigurationPlatforms) = preSolution
		Debug|Any CPU = Debug|Any CPU
		Release|Any CPU = Release|Any CPU
	EndGlobalSection
	GlobalSection(ProjectConfigurationPlatforms) = postSolution
		{7647C3B0-FC4F-40D4-A8AD-109C396C36EB}.Debug|Any CPU.ActiveCfg = Debug|Any CPU
		{7647C3B0-FC4F-40D4-A8AD-109C396C36EB}.Debug|Any CPU.Build.0 = Debug|Any CPU
		{7647C3B0-FC4F-40D4-A8AD-109C396C36EB}.Release|Any CPU.ActiveCfg = Release|Any CPU
		{7647C3B0-FC4F-40D4-A8AD-109C396C36EB}.Release|Any CPU.Build.0 = Release|Any CPU
		{DAE3EB79-F900-48F5-A251-9DB9CD5E5A40}.Debug|Any CPU.ActiveCfg = Debug|Any CPU
		{DAE3EB79-F900-48F5-A251-9DB9CD5E5A40}.Debug|Any CPU.Build.0 = Debug|Any CPU
		{DAE3EB79-F900-48F5-A251-9DB9CD5E5A40}.Release|Any CPU.ActiveCfg = Release|Any CPU
		{DAE3EB79-F900-48F5-A251-9DB9CD5E5A40}.Release|Any CPU.Build.0 = Release|Any CPU
		{27EA6AC4-3412-42CB-842C-CCBCBAFD2332}.Debug|Any CPU.ActiveCfg = Debug|Any CPU
		{27EA6AC4-3412-42CB-842C-CCBCBAFD2332}.Debug|Any CPU.Build.0 = Debug|Any CPU
		{27EA6AC4-3412-42CB-842C-CCBCBAFD2332}.Release|Any CPU.ActiveCfg = Release|Any CPU
		{27EA6AC4-3412-42CB-842C-CCBCBAFD2332}.Release|Any CPU.Build.0 = Release|Any CPU
		{85511A37-A4CA-40A2-89FE-475FCB20A495}.Debug|Any CPU.ActiveCfg = Debug|Any CPU
		{85511A37-A4CA-40A2-89FE-475FCB20A495}.Debug|Any CPU.Build.0 = Debug|Any CPU
		{85511A37-A4CA-40A2-89FE-475FCB20A495}.Release|Any CPU.ActiveCfg = Release|Any CPU
		{85511A37-A4CA-40A2-89FE-475FCB20A495}.Release|Any CPU.Build.0 = Release|Any CPU
		{4504CD3A-4271-496C-AC28-337F8A1849A4}.Debug|Any CPU.ActiveCfg = Debug|Any CPU
		{4504CD3A-4271-496C-AC28-337F8A1849A4}.Debug|Any CPU.Build.0 = Debug|Any CPU
		{4504CD3A-4271-496C-AC28-337F8A1849A4}.Release|Any CPU.ActiveCfg = Release|Any CPU
		{4504CD3A-4271-496C-AC28-337F8A1849A4}.Release|Any CPU.Build.0 = Release|Any CPU
		{8D9855BE-668F-4670-81D4-4E5B50D17C4E}.Debug|Any CPU.ActiveCfg = Debug|Any CPU
		{8D9855BE-668F-4670-81D4-4E5B50D17C4E}.Debug|Any CPU.Build.0 = Debug|Any CPU
		{8D9855BE-668F-4670-81D4-4E5B50D17C4E}.Release|Any CPU.ActiveCfg = Release|Any CPU
		{8D9855BE-668F-4670-81D4-4E5B50D17C4E}.Release|Any CPU.Build.0 = Release|Any CPU
		{ED180E25-5986-44DB-B0DC-72C513EB3CEC}.Debug|Any CPU.ActiveCfg = Debug|Any CPU
		{ED180E25-5986-44DB-B0DC-72C513EB3CEC}.Debug|Any CPU.Build.0 = Debug|Any CPU
		{ED180E25-5986-44DB-B0DC-72C513EB3CEC}.Release|Any CPU.ActiveCfg = Release|Any CPU
		{ED180E25-5986-44DB-B0DC-72C513EB3CEC}.Release|Any CPU.Build.0 = Release|Any CPU
		{9D68D74B-52C3-4A07-A14D-7B1D683113AD}.Debug|Any CPU.ActiveCfg = Debug|Any CPU
		{9D68D74B-52C3-4A07-A14D-7B1D683113AD}.Debug|Any CPU.Build.0 = Debug|Any CPU
		{9D68D74B-52C3-4A07-A14D-7B1D683113AD}.Release|Any CPU.ActiveCfg = Release|Any CPU
		{9D68D74B-52C3-4A07-A14D-7B1D683113AD}.Release|Any CPU.Build.0 = Release|Any CPU
		{21D3D76E-A47B-46BF-BD25-39F6521FF699}.Debug|Any CPU.ActiveCfg = Debug|Any CPU
		{21D3D76E-A47B-46BF-BD25-39F6521FF699}.Debug|Any CPU.Build.0 = Debug|Any CPU
		{21D3D76E-A47B-46BF-BD25-39F6521FF699}.Release|Any CPU.ActiveCfg = Release|Any CPU
		{21D3D76E-A47B-46BF-BD25-39F6521FF699}.Release|Any CPU.Build.0 = Release|Any CPU
		{A349F081-9740-4A4A-8BF2-3457E44D52FF}.Debug|Any CPU.ActiveCfg = Debug|Any CPU
		{A349F081-9740-4A4A-8BF2-3457E44D52FF}.Debug|Any CPU.Build.0 = Debug|Any CPU
		{A349F081-9740-4A4A-8BF2-3457E44D52FF}.Release|Any CPU.ActiveCfg = Release|Any CPU
		{A349F081-9740-4A4A-8BF2-3457E44D52FF}.Release|Any CPU.Build.0 = Release|Any CPU
		{35E5D3F4-0864-4475-B780-9A93817AC51D}.Debug|Any CPU.ActiveCfg = Debug|Any CPU
		{35E5D3F4-0864-4475-B780-9A93817AC51D}.Debug|Any CPU.Build.0 = Debug|Any CPU
		{35E5D3F4-0864-4475-B780-9A93817AC51D}.Release|Any CPU.ActiveCfg = Release|Any CPU
		{35E5D3F4-0864-4475-B780-9A93817AC51D}.Release|Any CPU.Build.0 = Release|Any CPU
		{95EC87CC-87B4-47E5-9C3A-E19FCA860243}.Debug|Any CPU.ActiveCfg = Debug|Any CPU
		{95EC87CC-87B4-47E5-9C3A-E19FCA860243}.Debug|Any CPU.Build.0 = Debug|Any CPU
		{95EC87CC-87B4-47E5-9C3A-E19FCA860243}.Release|Any CPU.ActiveCfg = Release|Any CPU
		{95EC87CC-87B4-47E5-9C3A-E19FCA860243}.Release|Any CPU.Build.0 = Release|Any CPU
		{90C0D77F-6A99-45B8-9241-6B75E33FC01A}.Debug|Any CPU.ActiveCfg = Debug|Any CPU
		{90C0D77F-6A99-45B8-9241-6B75E33FC01A}.Debug|Any CPU.Build.0 = Debug|Any CPU
		{90C0D77F-6A99-45B8-9241-6B75E33FC01A}.Release|Any CPU.ActiveCfg = Release|Any CPU
		{90C0D77F-6A99-45B8-9241-6B75E33FC01A}.Release|Any CPU.Build.0 = Release|Any CPU
		{3E2D0977-99F2-4ADA-8226-12209274527F}.Debug|Any CPU.ActiveCfg = Debug|Any CPU
		{3E2D0977-99F2-4ADA-8226-12209274527F}.Debug|Any CPU.Build.0 = Debug|Any CPU
		{3E2D0977-99F2-4ADA-8226-12209274527F}.Release|Any CPU.ActiveCfg = Release|Any CPU
		{3E2D0977-99F2-4ADA-8226-12209274527F}.Release|Any CPU.Build.0 = Release|Any CPU
		{3C039D95-FC14-40C6-911D-27B66D3A9404}.Debug|Any CPU.ActiveCfg = Debug|Any CPU
		{3C039D95-FC14-40C6-911D-27B66D3A9404}.Debug|Any CPU.Build.0 = Debug|Any CPU
		{3C039D95-FC14-40C6-911D-27B66D3A9404}.Release|Any CPU.ActiveCfg = Release|Any CPU
		{3C039D95-FC14-40C6-911D-27B66D3A9404}.Release|Any CPU.Build.0 = Release|Any CPU
		{510728CD-33A3-493C-9F5C-826CA759A046}.Debug|Any CPU.ActiveCfg = Debug|Any CPU
		{510728CD-33A3-493C-9F5C-826CA759A046}.Debug|Any CPU.Build.0 = Debug|Any CPU
		{510728CD-33A3-493C-9F5C-826CA759A046}.Release|Any CPU.ActiveCfg = Release|Any CPU
		{510728CD-33A3-493C-9F5C-826CA759A046}.Release|Any CPU.Build.0 = Release|Any CPU
	EndGlobalSection
	GlobalSection(SolutionProperties) = preSolution
		HideSolutionNode = FALSE
	EndGlobalSection
	GlobalSection(NestedProjects) = preSolution
		{35E5D3F4-0864-4475-B780-9A93817AC51D} = {1671BBD4-9397-4172-B437-7025B6825C4C}
		{95EC87CC-87B4-47E5-9C3A-E19FCA860243} = {1671BBD4-9397-4172-B437-7025B6825C4C}
		{90C0D77F-6A99-45B8-9241-6B75E33FC01A} = {1671BBD4-9397-4172-B437-7025B6825C4C}
		{3E2D0977-99F2-4ADA-8226-12209274527F} = {1671BBD4-9397-4172-B437-7025B6825C4C}
		{3C039D95-FC14-40C6-911D-27B66D3A9404} = {1671BBD4-9397-4172-B437-7025B6825C4C}
	EndGlobalSection
	GlobalSection(ExtensibilityGlobals) = postSolution
		SolutionGuid = {0635E16C-54A5-4046-8040-70A0A7ADB1F0}
	EndGlobalSection
EndGlobal
