
Microsoft Visual Studio Solution File, Format Version 12.00
# Visual Studio Version 16
VisualStudioVersion = 16.0.31005.135
MinimumVisualStudioVersion = 10.0.40219.1
Project("{9A19103F-16F7-4668-BE54-9A1E7A4F7556}") = "D1.KampIntro", "D1.KampIntro\D1.KampIntro.csproj", "{7647C3B0-FC4F-40D4-A8AD-109C396C36EB}"
EndProject
Project("{9A19103F-16F7-4668-BE54-9A1E7A4F7556}") = "D2.Donguler", "D2.Donguler\D2.Donguler.csproj", "{DAE3EB79-F900-48F5-A251-9DB9CD5E5A40}"
EndProject
Project("{9A19103F-16F7-4668-BE54-9A1E7A4F7556}") = "D3.ClassIntro", "D3.ClassIntro\D3.ClassIntro.csproj", "{27EA6AC4-3412-42CB-842C-CCBCBAFD2332}"
EndProject
Project("{9A19103F-16F7-4668-BE54-9A1E7A4F7556}") = "DO1.TernaryOperatoru", "DO1.TernaryOperatoru\DO1.TernaryOperatoru.csproj", "{85511A37-A4CA-40A2-89FE-475FCB20A495}"
EndProject
Project("{9A19103F-16F7-4668-BE54-9A1E7A4F7556}") = "DO2.Switch", "DO2.Switch\DO2.Switch.csproj", "{4504CD3A-4271-496C-AC28-337F8A1849A4}"
EndProject
Project("{9A19103F-16F7-4668-BE54-9A1E7A4F7556}") = "DO3.While", "DO3.While\DO3.While.csproj", "{8D9855BE-668F-4670-81D4-4E5B50D17C4E}"
EndProject
Project("{9A19103F-16F7-4668-BE54-9A1E7A4F7556}") = "DO4.Class-ETicaret", "DO4.Class-ETicaret\DO4.Class-ETicaret.csproj", "{ED180E25-5986-44DB-B0DC-72C513EB3CEC}"
EndProject
Project("{9A19103F-16F7-4668-BE54-9A1E7A4F7556}") = "D4.Metotlar", "D4.Metotlar\D4.Metotlar.csproj", "{9D68D74B-52C3-4A07-A14D-7B1D683113AD}"
EndProject
Project("{9A19103F-16F7-4668-BE54-9A1E7A4F7556}") = "D5.Matematik", "D5.Matematik\D5.Matematik.csproj", "{21D3D76E-A47B-46BF-BD25-39F6521FF699}"
EndProject
Project("{9A19103F-16F7-4668-BE54-9A1E7A4F7556}") = "D6.DegerVeReferansTipler", "D6.DegerVeReferansTipler\D6.DegerVeReferansTipler.csproj", "{A349F081-9740-4A4A-8BF2-3457E44D52FF}"
EndProject
Project("{2150E333-8FDC-42A3-9474-1A3956D46DE8}") = "DO5.Youtube21-28VideoArasi", "DO5.Youtube21-28VideoArasi", "{1671BBD4-9397-4172-B437-7025B6825C4C}"
EndProject
Project("{9A19103F-16F7-4668-BE54-9A1E7A4F7556}") = "DO6.Metods", "D21-D22-D23.Metods\DO6.Metods.csproj", "{35E5D3F4-0864-4475-B780-9A93817AC51D}"
EndProject
Project("{9A19103F-16F7-4668-BE54-9A1E7A4F7556}") = "DO9.RefOutKeyword", "D24.RefKeyword\DO9.RefOutKeyword.csproj", "{95EC87CC-87B4-47E5-9C3A-E19FCA860243}"
EndProject
Project("{9A19103F-16F7-4668-BE54-9A1E7A4F7556}") = "DO7.MethodOverloading", "D26.MethodOverloading\DO7.MethodOverloading.csproj", "{90C0D77F-6A99-45B8-9241-6B75E33FC01A}"
EndProject
Project("{9A19103F-16F7-4668-BE54-9A1E7A4F7556}") = "DO8.Params", "D27.Params\DO8.Params.csproj", "{3E2D0977-99F2-4ADA-8226-12209274527F}"
EndProject
Project("{9A19103F-16F7-4668-BE54-9A1E7A4F7556}") = "DO10.Arrays", "D28.Arrays\DO10.Arrays.csproj", "{3C039D95-FC14-40C6-911D-27B66D3A9404}"
EndProject
Project("{9A19103F-16F7-4668-BE54-9A1E7A4F7556}") = "DO5.ClassMetotDemo", "DO6.ClassMetotDemo\DO5.ClassMetotDemo.csproj", "{510728CD-33A3-493C-9F5C-826CA759A046}"
EndProject
Project("{9A19103F-16F7-4668-BE54-9A1E7A4F7556}") = "D7.OOP1", "D7.OOP1\D7.OOP1.csproj", "{B9ED206F-0CEA-4D62-A23E-70C0A9D84ED2}"
EndProject
Project("{9A19103F-16F7-4668-BE54-9A1E7A4F7556}") = "D8.Koleksiyonlar", "D8.Koleksiyonlar\D8.Koleksiyonlar.csproj", "{B3CF1027-9BDE-47DD-8DEB-379173C0EA13}"
EndProject
Project("{9A19103F-16F7-4668-BE54-9A1E7A4F7556}") = "D9.GenericsIntro", "D9.GenericsIntro\D9.GenericsIntro.csproj", "{A10760A2-3F97-4B57-8C99-EE7EBA220FE3}"
EndProject
Project("{2150E333-8FDC-42A3-9474-1A3956D46DE8}") = "YoutubeOdevler", "YoutubeOdevler", "{C8C71291-0014-411D-A860-5245C2527C20}"
EndProject
Project("{9A19103F-16F7-4668-BE54-9A1E7A4F7556}") = "DO11.ReferenceTypes", "ReferenceTypes\DO11.ReferenceTypes.csproj", "{653FD99A-138B-4A0A-B999-D2DC9A6032D0}"
EndProject
Project("{2150E333-8FDC-42A3-9474-1A3956D46DE8}") = "_KENDIORNEKLERIM_", "_KENDIORNEKLERIM_", "{1D48D6F9-2412-4466-A2E9-3AA463BA5D9E}"
EndProject
Project("{9A19103F-16F7-4668-BE54-9A1E7A4F7556}") = "MyReferenceTypes", "MyReferenceTypes\MyReferenceTypes.csproj", "{28428E41-4F54-4D63-B738-943BB7DBE83C}"
EndProject
Project("{9A19103F-16F7-4668-BE54-9A1E7A4F7556}") = "DO12.Constructions", "Constructions\DO12.Constructions.csproj", "{2A1C8960-E22C-484C-8144-494A3FBB7597}"
EndProject
Project("{9A19103F-16F7-4668-BE54-9A1E7A4F7556}") = "DO13.Generics", "DO9.Generics\DO13.Generics.csproj", "{59396351-E9C3-4B2A-BD78-237DFCD78D6D}"
EndProject
Project("{9A19103F-16F7-4668-BE54-9A1E7A4F7556}") = "DO14.Dictionary", "DO10.Dictionary\DO14.Dictionary.csproj", "{61E78169-1C3D-4719-BF2B-6475EAEA29D7}"
EndProject
Project("{9A19103F-16F7-4668-BE54-9A1E7A4F7556}") = "DO15.MyDictionary", "DO11.MyDictionary\DO15.MyDictionary.csproj", "{3F847173-B1F1-4EA4-87AC-16D3B9585CED}"
EndProject
Project("{2150E333-8FDC-42A3-9474-1A3956D46DE8}") = "2IkınciGun", "2IkınciGun", "{52BD9CDD-0934-4C11-A360-F4C3CE66B7BD}"
EndProject
Project("{2150E333-8FDC-42A3-9474-1A3956D46DE8}") = "3UcuncuGun", "3UcuncuGun", "{E30D9442-6C39-4800-B258-678FA22C6F71}"
EndProject
Project("{2150E333-8FDC-42A3-9474-1A3956D46DE8}") = "4DorduncuGun", "4DorduncuGun", "{55005168-318F-4A67-9729-60059D40EC7A}"
EndProject
Project("{2150E333-8FDC-42A3-9474-1A3956D46DE8}") = "5BesinciGun", "5BesinciGun", "{87F7B3A8-79FD-48CC-BFFE-879B1C6D4C32}"
EndProject
Project("{9A19103F-16F7-4668-BE54-9A1E7A4F7556}") = "1Tekrar", "1Tekrar\1Tekrar.csproj", "{A2F4DE7C-CD22-4B3A-B0B8-236FB1051E53}"
EndProject
Project("{2150E333-8FDC-42A3-9474-1A3956D46DE8}") = "Odevler", "Odevler", "{779E4677-7B3F-4293-957B-3FFB823BBB49}"
EndProject
Project("{2150E333-8FDC-42A3-9474-1A3956D46DE8}") = "Odevler", "Odevler", "{7501DC98-BEF4-44EC-A5EE-F0FB82004ED5}"
EndProject
Project("{2150E333-8FDC-42A3-9474-1A3956D46DE8}") = "Odevler", "Odevler", "{89E58131-C5A6-4C86-88B9-80BAEBCE4414}"
EndProject
Project("{9A19103F-16F7-4668-BE54-9A1E7A4F7556}") = "D10.OOP2", "D10.OOP2\D10.OOP2.csproj", "{EE256918-C47B-43DA-8ABD-2CC169F4C309}"
EndProject
Project("{9A19103F-16F7-4668-BE54-9A1E7A4F7556}") = "D11.OOP3", "D11.OOP3\D11.OOP3.csproj", "{BFC013FA-68CE-42BB-B6FD-F156275E37D8}"
EndProject
Project("{2150E333-8FDC-42A3-9474-1A3956D46DE8}") = "Solution Items", "Solution Items", "{FD936310-F094-4E74-BCA0-FBF6B54E58BF}"
	ProjectSection(SolutionItems) = preProject
		NOTLAR.txt = NOTLAR.txt
	EndProjectSection
EndProject
Project("{2150E333-8FDC-42A3-9474-1A3956D46DE8}") = "Odevler", "Odevler", "{174E7254-1DE9-463E-9053-98C35571F639}"
EndProject
Project("{2150E333-8FDC-42A3-9474-1A3956D46DE8}") = "YoutubeOdevler", "YoutubeOdevler", "{26735AC0-FB3A-4830-9B79-9B4B8E771D8A}"
EndProject
Project("{9A19103F-16F7-4668-BE54-9A1E7A4F7556}") = "DO17.Classes", "DO10.Classes\DO17.Classes.csproj", "{D0383A50-CC03-43D4-9B60-E9F452C7D9BA}"
EndProject
Project("{9A19103F-16F7-4668-BE54-9A1E7A4F7556}") = "DO17.RecapDemo1", "D13.RecapDemo1\DO17.RecapDemo1.csproj", "{15AEBACD-E4F5-4DD3-B186-B24BC3219B4B}"
EndProject
Project("{9A19103F-16F7-4668-BE54-9A1E7A4F7556}") = "DO18.Interfaces", "DO14.Interfaces\DO18.Interfaces.csproj", "{F6DF2C9B-2884-45F2-A1A5-D03D5EF8C6CB}"
EndProject
Project("{9A19103F-16F7-4668-BE54-9A1E7A4F7556}") = "DO19.InterfacesDemo", "DO13.InterfacesDemo\DO19.InterfacesDemo.csproj", "{4F3618F3-4031-40AD-BE1B-9831EEB80BB3}"
EndProject
Project("{9A19103F-16F7-4668-BE54-9A1E7A4F7556}") = "DO20.Inheritance", "DO14.Inheritance\DO20.Inheritance.csproj", "{4829F987-BF01-4104-85C2-DD88B8D1FDED}"
EndProject
Project("{9A19103F-16F7-4668-BE54-9A1E7A4F7556}") = "DO16.Interfaces", "DO15.Interfaces\DO16.Interfaces.csproj", "{2C7B061D-F873-4022-B6D4-F8CB76FF31B2}"
EndProject
Global
	GlobalSection(SolutionConfigurationPlatforms) = preSolution
		Debug|Any CPU = Debug|Any CPU
		Release|Any CPU = Release|Any CPU
	EndGlobalSection
	GlobalSection(ProjectConfigurationPlatforms) = postSolution
		{7647C3B0-FC4F-40D4-A8AD-109C396C36EB}.Debug|Any CPU.ActiveCfg = Debug|Any CPU
		{7647C3B0-FC4F-40D4-A8AD-109C396C36EB}.Debug|Any CPU.Build.0 = Debug|Any CPU
		{7647C3B0-FC4F-40D4-A8AD-109C396C36EB}.Release|Any CPU.ActiveCfg = Release|Any CPU
		{7647C3B0-FC4F-40D4-A8AD-109C396C36EB}.Release|Any CPU.Build.0 = Release|Any CPU
		{DAE3EB79-F900-48F5-A251-9DB9CD5E5A40}.Debug|Any CPU.ActiveCfg = Debug|Any CPU
		{DAE3EB79-F900-48F5-A251-9DB9CD5E5A40}.Debug|Any CPU.Build.0 = Debug|Any CPU
		{DAE3EB79-F900-48F5-A251-9DB9CD5E5A40}.Release|Any CPU.ActiveCfg = Release|Any CPU
		{DAE3EB79-F900-48F5-A251-9DB9CD5E5A40}.Release|Any CPU.Build.0 = Release|Any CPU
		{27EA6AC4-3412-42CB-842C-CCBCBAFD2332}.Debug|Any CPU.ActiveCfg = Debug|Any CPU
		{27EA6AC4-3412-42CB-842C-CCBCBAFD2332}.Debug|Any CPU.Build.0 = Debug|Any CPU
		{27EA6AC4-3412-42CB-842C-CCBCBAFD2332}.Release|Any CPU.ActiveCfg = Release|Any CPU
		{27EA6AC4-3412-42CB-842C-CCBCBAFD2332}.Release|Any CPU.Build.0 = Release|Any CPU
		{85511A37-A4CA-40A2-89FE-475FCB20A495}.Debug|Any CPU.ActiveCfg = Debug|Any CPU
		{85511A37-A4CA-40A2-89FE-475FCB20A495}.Debug|Any CPU.Build.0 = Debug|Any CPU
		{85511A37-A4CA-40A2-89FE-475FCB20A495}.Release|Any CPU.ActiveCfg = Release|Any CPU
		{85511A37-A4CA-40A2-89FE-475FCB20A495}.Release|Any CPU.Build.0 = Release|Any CPU
		{4504CD3A-4271-496C-AC28-337F8A1849A4}.Debug|Any CPU.ActiveCfg = Debug|Any CPU
		{4504CD3A-4271-496C-AC28-337F8A1849A4}.Debug|Any CPU.Build.0 = Debug|Any CPU
		{4504CD3A-4271-496C-AC28-337F8A1849A4}.Release|Any CPU.ActiveCfg = Release|Any CPU
		{4504CD3A-4271-496C-AC28-337F8A1849A4}.Release|Any CPU.Build.0 = Release|Any CPU
		{8D9855BE-668F-4670-81D4-4E5B50D17C4E}.Debug|Any CPU.ActiveCfg = Debug|Any CPU
		{8D9855BE-668F-4670-81D4-4E5B50D17C4E}.Debug|Any CPU.Build.0 = Debug|Any CPU
		{8D9855BE-668F-4670-81D4-4E5B50D17C4E}.Release|Any CPU.ActiveCfg = Release|Any CPU
		{8D9855BE-668F-4670-81D4-4E5B50D17C4E}.Release|Any CPU.Build.0 = Release|Any CPU
		{ED180E25-5986-44DB-B0DC-72C513EB3CEC}.Debug|Any CPU.ActiveCfg = Debug|Any CPU
		{ED180E25-5986-44DB-B0DC-72C513EB3CEC}.Debug|Any CPU.Build.0 = Debug|Any CPU
		{ED180E25-5986-44DB-B0DC-72C513EB3CEC}.Release|Any CPU.ActiveCfg = Release|Any CPU
		{ED180E25-5986-44DB-B0DC-72C513EB3CEC}.Release|Any CPU.Build.0 = Release|Any CPU
		{9D68D74B-52C3-4A07-A14D-7B1D683113AD}.Debug|Any CPU.ActiveCfg = Debug|Any CPU
		{9D68D74B-52C3-4A07-A14D-7B1D683113AD}.Debug|Any CPU.Build.0 = Debug|Any CPU
		{9D68D74B-52C3-4A07-A14D-7B1D683113AD}.Release|Any CPU.ActiveCfg = Release|Any CPU
		{9D68D74B-52C3-4A07-A14D-7B1D683113AD}.Release|Any CPU.Build.0 = Release|Any CPU
		{21D3D76E-A47B-46BF-BD25-39F6521FF699}.Debug|Any CPU.ActiveCfg = Debug|Any CPU
		{21D3D76E-A47B-46BF-BD25-39F6521FF699}.Debug|Any CPU.Build.0 = Debug|Any CPU
		{21D3D76E-A47B-46BF-BD25-39F6521FF699}.Release|Any CPU.ActiveCfg = Release|Any CPU
		{21D3D76E-A47B-46BF-BD25-39F6521FF699}.Release|Any CPU.Build.0 = Release|Any CPU
		{A349F081-9740-4A4A-8BF2-3457E44D52FF}.Debug|Any CPU.ActiveCfg = Debug|Any CPU
		{A349F081-9740-4A4A-8BF2-3457E44D52FF}.Debug|Any CPU.Build.0 = Debug|Any CPU
		{A349F081-9740-4A4A-8BF2-3457E44D52FF}.Release|Any CPU.ActiveCfg = Release|Any CPU
		{A349F081-9740-4A4A-8BF2-3457E44D52FF}.Release|Any CPU.Build.0 = Release|Any CPU
		{35E5D3F4-0864-4475-B780-9A93817AC51D}.Debug|Any CPU.ActiveCfg = Debug|Any CPU
		{35E5D3F4-0864-4475-B780-9A93817AC51D}.Debug|Any CPU.Build.0 = Debug|Any CPU
		{35E5D3F4-0864-4475-B780-9A93817AC51D}.Release|Any CPU.ActiveCfg = Release|Any CPU
		{35E5D3F4-0864-4475-B780-9A93817AC51D}.Release|Any CPU.Build.0 = Release|Any CPU
		{95EC87CC-87B4-47E5-9C3A-E19FCA860243}.Debug|Any CPU.ActiveCfg = Debug|Any CPU
		{95EC87CC-87B4-47E5-9C3A-E19FCA860243}.Debug|Any CPU.Build.0 = Debug|Any CPU
		{95EC87CC-87B4-47E5-9C3A-E19FCA860243}.Release|Any CPU.ActiveCfg = Release|Any CPU
		{95EC87CC-87B4-47E5-9C3A-E19FCA860243}.Release|Any CPU.Build.0 = Release|Any CPU
		{90C0D77F-6A99-45B8-9241-6B75E33FC01A}.Debug|Any CPU.ActiveCfg = Debug|Any CPU
		{90C0D77F-6A99-45B8-9241-6B75E33FC01A}.Debug|Any CPU.Build.0 = Debug|Any CPU
		{90C0D77F-6A99-45B8-9241-6B75E33FC01A}.Release|Any CPU.ActiveCfg = Release|Any CPU
		{90C0D77F-6A99-45B8-9241-6B75E33FC01A}.Release|Any CPU.Build.0 = Release|Any CPU
		{3E2D0977-99F2-4ADA-8226-12209274527F}.Debug|Any CPU.ActiveCfg = Debug|Any CPU
		{3E2D0977-99F2-4ADA-8226-12209274527F}.Debug|Any CPU.Build.0 = Debug|Any CPU
		{3E2D0977-99F2-4ADA-8226-12209274527F}.Release|Any CPU.ActiveCfg = Release|Any CPU
		{3E2D0977-99F2-4ADA-8226-12209274527F}.Release|Any CPU.Build.0 = Release|Any CPU
		{3C039D95-FC14-40C6-911D-27B66D3A9404}.Debug|Any CPU.ActiveCfg = Debug|Any CPU
		{3C039D95-FC14-40C6-911D-27B66D3A9404}.Debug|Any CPU.Build.0 = Debug|Any CPU
		{3C039D95-FC14-40C6-911D-27B66D3A9404}.Release|Any CPU.ActiveCfg = Release|Any CPU
		{3C039D95-FC14-40C6-911D-27B66D3A9404}.Release|Any CPU.Build.0 = Release|Any CPU
		{510728CD-33A3-493C-9F5C-826CA759A046}.Debug|Any CPU.ActiveCfg = Debug|Any CPU
		{510728CD-33A3-493C-9F5C-826CA759A046}.Debug|Any CPU.Build.0 = Debug|Any CPU
		{510728CD-33A3-493C-9F5C-826CA759A046}.Release|Any CPU.ActiveCfg = Release|Any CPU
		{510728CD-33A3-493C-9F5C-826CA759A046}.Release|Any CPU.Build.0 = Release|Any CPU
		{B9ED206F-0CEA-4D62-A23E-70C0A9D84ED2}.Debug|Any CPU.ActiveCfg = Debug|Any CPU
		{B9ED206F-0CEA-4D62-A23E-70C0A9D84ED2}.Debug|Any CPU.Build.0 = Debug|Any CPU
		{B9ED206F-0CEA-4D62-A23E-70C0A9D84ED2}.Release|Any CPU.ActiveCfg = Release|Any CPU
		{B9ED206F-0CEA-4D62-A23E-70C0A9D84ED2}.Release|Any CPU.Build.0 = Release|Any CPU
		{B3CF1027-9BDE-47DD-8DEB-379173C0EA13}.Debug|Any CPU.ActiveCfg = Debug|Any CPU
		{B3CF1027-9BDE-47DD-8DEB-379173C0EA13}.Debug|Any CPU.Build.0 = Debug|Any CPU
		{B3CF1027-9BDE-47DD-8DEB-379173C0EA13}.Release|Any CPU.ActiveCfg = Release|Any CPU
		{B3CF1027-9BDE-47DD-8DEB-379173C0EA13}.Release|Any CPU.Build.0 = Release|Any CPU
		{A10760A2-3F97-4B57-8C99-EE7EBA220FE3}.Debug|Any CPU.ActiveCfg = Debug|Any CPU
		{A10760A2-3F97-4B57-8C99-EE7EBA220FE3}.Debug|Any CPU.Build.0 = Debug|Any CPU
		{A10760A2-3F97-4B57-8C99-EE7EBA220FE3}.Release|Any CPU.ActiveCfg = Release|Any CPU
		{A10760A2-3F97-4B57-8C99-EE7EBA220FE3}.Release|Any CPU.Build.0 = Release|Any CPU
		{653FD99A-138B-4A0A-B999-D2DC9A6032D0}.Debug|Any CPU.ActiveCfg = Debug|Any CPU
		{653FD99A-138B-4A0A-B999-D2DC9A6032D0}.Debug|Any CPU.Build.0 = Debug|Any CPU
		{653FD99A-138B-4A0A-B999-D2DC9A6032D0}.Release|Any CPU.ActiveCfg = Release|Any CPU
		{653FD99A-138B-4A0A-B999-D2DC9A6032D0}.Release|Any CPU.Build.0 = Release|Any CPU
		{28428E41-4F54-4D63-B738-943BB7DBE83C}.Debug|Any CPU.ActiveCfg = Debug|Any CPU
		{28428E41-4F54-4D63-B738-943BB7DBE83C}.Debug|Any CPU.Build.0 = Debug|Any CPU
		{28428E41-4F54-4D63-B738-943BB7DBE83C}.Release|Any CPU.ActiveCfg = Release|Any CPU
		{28428E41-4F54-4D63-B738-943BB7DBE83C}.Release|Any CPU.Build.0 = Release|Any CPU
		{2A1C8960-E22C-484C-8144-494A3FBB7597}.Debug|Any CPU.ActiveCfg = Debug|Any CPU
		{2A1C8960-E22C-484C-8144-494A3FBB7597}.Debug|Any CPU.Build.0 = Debug|Any CPU
		{2A1C8960-E22C-484C-8144-494A3FBB7597}.Release|Any CPU.ActiveCfg = Release|Any CPU
		{2A1C8960-E22C-484C-8144-494A3FBB7597}.Release|Any CPU.Build.0 = Release|Any CPU
		{59396351-E9C3-4B2A-BD78-237DFCD78D6D}.Debug|Any CPU.ActiveCfg = Debug|Any CPU
		{59396351-E9C3-4B2A-BD78-237DFCD78D6D}.Debug|Any CPU.Build.0 = Debug|Any CPU
		{59396351-E9C3-4B2A-BD78-237DFCD78D6D}.Release|Any CPU.ActiveCfg = Release|Any CPU
		{59396351-E9C3-4B2A-BD78-237DFCD78D6D}.Release|Any CPU.Build.0 = Release|Any CPU
		{61E78169-1C3D-4719-BF2B-6475EAEA29D7}.Debug|Any CPU.ActiveCfg = Debug|Any CPU
		{61E78169-1C3D-4719-BF2B-6475EAEA29D7}.Debug|Any CPU.Build.0 = Debug|Any CPU
		{61E78169-1C3D-4719-BF2B-6475EAEA29D7}.Release|Any CPU.ActiveCfg = Release|Any CPU
		{61E78169-1C3D-4719-BF2B-6475EAEA29D7}.Release|Any CPU.Build.0 = Release|Any CPU
		{3F847173-B1F1-4EA4-87AC-16D3B9585CED}.Debug|Any CPU.ActiveCfg = Debug|Any CPU
		{3F847173-B1F1-4EA4-87AC-16D3B9585CED}.Debug|Any CPU.Build.0 = Debug|Any CPU
		{3F847173-B1F1-4EA4-87AC-16D3B9585CED}.Release|Any CPU.ActiveCfg = Release|Any CPU
		{3F847173-B1F1-4EA4-87AC-16D3B9585CED}.Release|Any CPU.Build.0 = Release|Any CPU
		{A2F4DE7C-CD22-4B3A-B0B8-236FB1051E53}.Debug|Any CPU.ActiveCfg = Debug|Any CPU
		{A2F4DE7C-CD22-4B3A-B0B8-236FB1051E53}.Debug|Any CPU.Build.0 = Debug|Any CPU
		{A2F4DE7C-CD22-4B3A-B0B8-236FB1051E53}.Release|Any CPU.ActiveCfg = Release|Any CPU
		{A2F4DE7C-CD22-4B3A-B0B8-236FB1051E53}.Release|Any CPU.Build.0 = Release|Any CPU
		{EE256918-C47B-43DA-8ABD-2CC169F4C309}.Debug|Any CPU.ActiveCfg = Debug|Any CPU
		{EE256918-C47B-43DA-8ABD-2CC169F4C309}.Debug|Any CPU.Build.0 = Debug|Any CPU
		{EE256918-C47B-43DA-8ABD-2CC169F4C309}.Release|Any CPU.ActiveCfg = Release|Any CPU
		{EE256918-C47B-43DA-8ABD-2CC169F4C309}.Release|Any CPU.Build.0 = Release|Any CPU
		{BFC013FA-68CE-42BB-B6FD-F156275E37D8}.Debug|Any CPU.ActiveCfg = Debug|Any CPU
		{BFC013FA-68CE-42BB-B6FD-F156275E37D8}.Debug|Any CPU.Build.0 = Debug|Any CPU
		{BFC013FA-68CE-42BB-B6FD-F156275E37D8}.Release|Any CPU.ActiveCfg = Release|Any CPU
		{BFC013FA-68CE-42BB-B6FD-F156275E37D8}.Release|Any CPU.Build.0 = Release|Any CPU
		{D0383A50-CC03-43D4-9B60-E9F452C7D9BA}.Debug|Any CPU.ActiveCfg = Debug|Any CPU
		{D0383A50-CC03-43D4-9B60-E9F452C7D9BA}.Debug|Any CPU.Build.0 = Debug|Any CPU
		{D0383A50-CC03-43D4-9B60-E9F452C7D9BA}.Release|Any CPU.ActiveCfg = Release|Any CPU
		{D0383A50-CC03-43D4-9B60-E9F452C7D9BA}.Release|Any CPU.Build.0 = Release|Any CPU
		{15AEBACD-E4F5-4DD3-B186-B24BC3219B4B}.Debug|Any CPU.ActiveCfg = Debug|Any CPU
		{15AEBACD-E4F5-4DD3-B186-B24BC3219B4B}.Debug|Any CPU.Build.0 = Debug|Any CPU
		{15AEBACD-E4F5-4DD3-B186-B24BC3219B4B}.Release|Any CPU.ActiveCfg = Release|Any CPU
		{15AEBACD-E4F5-4DD3-B186-B24BC3219B4B}.Release|Any CPU.Build.0 = Release|Any CPU
		{F6DF2C9B-2884-45F2-A1A5-D03D5EF8C6CB}.Debug|Any CPU.ActiveCfg = Debug|Any CPU
		{F6DF2C9B-2884-45F2-A1A5-D03D5EF8C6CB}.Debug|Any CPU.Build.0 = Debug|Any CPU
		{F6DF2C9B-2884-45F2-A1A5-D03D5EF8C6CB}.Release|Any CPU.ActiveCfg = Release|Any CPU
		{F6DF2C9B-2884-45F2-A1A5-D03D5EF8C6CB}.Release|Any CPU.Build.0 = Release|Any CPU
		{4F3618F3-4031-40AD-BE1B-9831EEB80BB3}.Debug|Any CPU.ActiveCfg = Debug|Any CPU
		{4F3618F3-4031-40AD-BE1B-9831EEB80BB3}.Debug|Any CPU.Build.0 = Debug|Any CPU
		{4F3618F3-4031-40AD-BE1B-9831EEB80BB3}.Release|Any CPU.ActiveCfg = Release|Any CPU
		{4F3618F3-4031-40AD-BE1B-9831EEB80BB3}.Release|Any CPU.Build.0 = Release|Any CPU
		{4829F987-BF01-4104-85C2-DD88B8D1FDED}.Debug|Any CPU.ActiveCfg = Debug|Any CPU
		{4829F987-BF01-4104-85C2-DD88B8D1FDED}.Debug|Any CPU.Build.0 = Debug|Any CPU
		{4829F987-BF01-4104-85C2-DD88B8D1FDED}.Release|Any CPU.ActiveCfg = Release|Any CPU
		{4829F987-BF01-4104-85C2-DD88B8D1FDED}.Release|Any CPU.Build.0 = Release|Any CPU
		{2C7B061D-F873-4022-B6D4-F8CB76FF31B2}.Debug|Any CPU.ActiveCfg = Debug|Any CPU
		{2C7B061D-F873-4022-B6D4-F8CB76FF31B2}.Debug|Any CPU.Build.0 = Debug|Any CPU
		{2C7B061D-F873-4022-B6D4-F8CB76FF31B2}.Release|Any CPU.ActiveCfg = Release|Any CPU
		{2C7B061D-F873-4022-B6D4-F8CB76FF31B2}.Release|Any CPU.Build.0 = Release|Any CPU
	EndGlobalSection
	GlobalSection(SolutionProperties) = preSolution
		HideSolutionNode = FALSE
	EndGlobalSection
	GlobalSection(NestedProjects) = preSolution
		{7647C3B0-FC4F-40D4-A8AD-109C396C36EB} = {52BD9CDD-0934-4C11-A360-F4C3CE66B7BD}
		{DAE3EB79-F900-48F5-A251-9DB9CD5E5A40} = {52BD9CDD-0934-4C11-A360-F4C3CE66B7BD}
		{27EA6AC4-3412-42CB-842C-CCBCBAFD2332} = {52BD9CDD-0934-4C11-A360-F4C3CE66B7BD}
		{85511A37-A4CA-40A2-89FE-475FCB20A495} = {779E4677-7B3F-4293-957B-3FFB823BBB49}
		{4504CD3A-4271-496C-AC28-337F8A1849A4} = {779E4677-7B3F-4293-957B-3FFB823BBB49}
		{8D9855BE-668F-4670-81D4-4E5B50D17C4E} = {779E4677-7B3F-4293-957B-3FFB823BBB49}
		{ED180E25-5986-44DB-B0DC-72C513EB3CEC} = {779E4677-7B3F-4293-957B-3FFB823BBB49}
		{9D68D74B-52C3-4A07-A14D-7B1D683113AD} = {E30D9442-6C39-4800-B258-678FA22C6F71}
		{21D3D76E-A47B-46BF-BD25-39F6521FF699} = {E30D9442-6C39-4800-B258-678FA22C6F71}
		{A349F081-9740-4A4A-8BF2-3457E44D52FF} = {E30D9442-6C39-4800-B258-678FA22C6F71}
		{1671BBD4-9397-4172-B437-7025B6825C4C} = {7501DC98-BEF4-44EC-A5EE-F0FB82004ED5}
		{35E5D3F4-0864-4475-B780-9A93817AC51D} = {1671BBD4-9397-4172-B437-7025B6825C4C}
		{95EC87CC-87B4-47E5-9C3A-E19FCA860243} = {1671BBD4-9397-4172-B437-7025B6825C4C}
		{90C0D77F-6A99-45B8-9241-6B75E33FC01A} = {1671BBD4-9397-4172-B437-7025B6825C4C}
		{3E2D0977-99F2-4ADA-8226-12209274527F} = {1671BBD4-9397-4172-B437-7025B6825C4C}
		{3C039D95-FC14-40C6-911D-27B66D3A9404} = {1671BBD4-9397-4172-B437-7025B6825C4C}
		{510728CD-33A3-493C-9F5C-826CA759A046} = {7501DC98-BEF4-44EC-A5EE-F0FB82004ED5}
		{B9ED206F-0CEA-4D62-A23E-70C0A9D84ED2} = {55005168-318F-4A67-9729-60059D40EC7A}
		{B3CF1027-9BDE-47DD-8DEB-379173C0EA13} = {55005168-318F-4A67-9729-60059D40EC7A}
		{A10760A2-3F97-4B57-8C99-EE7EBA220FE3} = {55005168-318F-4A67-9729-60059D40EC7A}
		{C8C71291-0014-411D-A860-5245C2527C20} = {89E58131-C5A6-4C86-88B9-80BAEBCE4414}
		{653FD99A-138B-4A0A-B999-D2DC9A6032D0} = {C8C71291-0014-411D-A860-5245C2527C20}
		{28428E41-4F54-4D63-B738-943BB7DBE83C} = {1D48D6F9-2412-4466-A2E9-3AA463BA5D9E}
		{2A1C8960-E22C-484C-8144-494A3FBB7597} = {C8C71291-0014-411D-A860-5245C2527C20}
		{59396351-E9C3-4B2A-BD78-237DFCD78D6D} = {C8C71291-0014-411D-A860-5245C2527C20}
		{61E78169-1C3D-4719-BF2B-6475EAEA29D7} = {89E58131-C5A6-4C86-88B9-80BAEBCE4414}
		{3F847173-B1F1-4EA4-87AC-16D3B9585CED} = {89E58131-C5A6-4C86-88B9-80BAEBCE4414}
		{A2F4DE7C-CD22-4B3A-B0B8-236FB1051E53} = {1D48D6F9-2412-4466-A2E9-3AA463BA5D9E}
		{779E4677-7B3F-4293-957B-3FFB823BBB49} = {52BD9CDD-0934-4C11-A360-F4C3CE66B7BD}
		{7501DC98-BEF4-44EC-A5EE-F0FB82004ED5} = {E30D9442-6C39-4800-B258-678FA22C6F71}
		{89E58131-C5A6-4C86-88B9-80BAEBCE4414} = {55005168-318F-4A67-9729-60059D40EC7A}
		{EE256918-C47B-43DA-8ABD-2CC169F4C309} = {87F7B3A8-79FD-48CC-BFFE-879B1C6D4C32}
		{BFC013FA-68CE-42BB-B6FD-F156275E37D8} = {87F7B3A8-79FD-48CC-BFFE-879B1C6D4C32}
		{174E7254-1DE9-463E-9053-98C35571F639} = {87F7B3A8-79FD-48CC-BFFE-879B1C6D4C32}
		{26735AC0-FB3A-4830-9B79-9B4B8E771D8A} = {174E7254-1DE9-463E-9053-98C35571F639}
		{D0383A50-CC03-43D4-9B60-E9F452C7D9BA} = {26735AC0-FB3A-4830-9B79-9B4B8E771D8A}
		{15AEBACD-E4F5-4DD3-B186-B24BC3219B4B} = {26735AC0-FB3A-4830-9B79-9B4B8E771D8A}
		{F6DF2C9B-2884-45F2-A1A5-D03D5EF8C6CB} = {26735AC0-FB3A-4830-9B79-9B4B8E771D8A}
		{4F3618F3-4031-40AD-BE1B-9831EEB80BB3} = {26735AC0-FB3A-4830-9B79-9B4B8E771D8A}
		{4829F987-BF01-4104-85C2-DD88B8D1FDED} = {26735AC0-FB3A-4830-9B79-9B4B8E771D8A}
		{2C7B061D-F873-4022-B6D4-F8CB76FF31B2} = {26735AC0-FB3A-4830-9B79-9B4B8E771D8A}
	EndGlobalSection
	GlobalSection(ExtensibilityGlobals) = postSolution
		SolutionGuid = {0635E16C-54A5-4046-8040-70A0A7ADB1F0}
	EndGlobalSection
EndGlobal
